name: Update poetry lockfile

on:
  workflow_dispatch:

permissions:
  contents: write

jobs:
  lock:
    runs-on: ubuntu-latest
    steps:
      - uses: actions/checkout@v4
        with:
          ref: adopt-shared-ci

      - uses: actions/setup-python@v5
        with:
          python-version: "3.11"

      - uses: snok/install-poetry@v1
        with:
          version: "1.8.3"

      - name: Regenerate lockfile
        run: poetry lock --no-interaction

      - name: Commit lockfile
        uses: stefanzweifel/git-auto-commit-action@v5
        with:
          commit_message: "Update poetry.lock for shared CI dev dependencies"
